// !$*UTF8*$!
{
	archiveVersion = 1;
	classes = {
	};
	objectVersion = 56;
	objects = {

/* Begin PBXBuildFile section */
		19774F0E297C3D9A00289C1F /* AppDelegate.swift in Sources */ = {isa = PBXBuildFile; fileRef = 19774F0D297C3D9A00289C1F /* AppDelegate.swift */; };
		19774F10297C3D9A00289C1F /* SceneDelegate.swift in Sources */ = {isa = PBXBuildFile; fileRef = 19774F0F297C3D9A00289C1F /* SceneDelegate.swift */; };
		19774F12297C3D9A00289C1F /* ViewController.swift in Sources */ = {isa = PBXBuildFile; fileRef = 19774F11297C3D9A00289C1F /* ViewController.swift */; };
		19774F15297C3D9A00289C1F /* Main.storyboard in Resources */ = {isa = PBXBuildFile; fileRef = 19774F13297C3D9A00289C1F /* Main.storyboard */; };
		19774F17297C3D9C00289C1F /* Assets.xcassets in Resources */ = {isa = PBXBuildFile; fileRef = 19774F16297C3D9C00289C1F /* Assets.xcassets */; };
		19774F1A297C3D9C00289C1F /* LaunchScreen.storyboard in Resources */ = {isa = PBXBuildFile; fileRef = 19774F18297C3D9C00289C1F /* LaunchScreen.storyboard */; };
		19774F25297C3D9C00289C1F /* combine_paginationTests.swift in Sources */ = {isa = PBXBuildFile; fileRef = 19774F24297C3D9C00289C1F /* combine_paginationTests.swift */; };
		19774F2F297C3D9C00289C1F /* combine_paginationUITests.swift in Sources */ = {isa = PBXBuildFile; fileRef = 19774F2E297C3D9C00289C1F /* combine_paginationUITests.swift */; };
		19774F31297C3D9C00289C1F /* combine_paginationUITestsLaunchTests.swift in Sources */ = {isa = PBXBuildFile; fileRef = 19774F30297C3D9C00289C1F /* combine_paginationUITestsLaunchTests.swift */; };
/* End PBXBuildFile section */

/* Begin PBXContainerItemProxy section */
		19774F21297C3D9C00289C1F /* PBXContainerItemProxy */ = {
			isa = PBXContainerItemProxy;
			containerPortal = 19774F02297C3D9A00289C1F /* Project object */;
			proxyType = 1;
			remoteGlobalIDString = 19774F09297C3D9A00289C1F;
			remoteInfo = "combine+pagination";
		};
		19774F2B297C3D9C00289C1F /* PBXContainerItemProxy */ = {
			isa = PBXContainerItemProxy;
			containerPortal = 19774F02297C3D9A00289C1F /* Project object */;
			proxyType = 1;
			remoteGlobalIDString = 19774F09297C3D9A00289C1F;
			remoteInfo = "combine+pagination";
		};
/* End PBXContainerItemProxy section */

/* Begin PBXFileReference section */
		19774F0A297C3D9A00289C1F /* combine+pagination.app */ = {isa = PBXFileReference; explicitFileType = wrapper.application; includeInIndex = 0; path = "combine+pagination.app"; sourceTree = BUILT_PRODUCTS_DIR; };
		19774F0D297C3D9A00289C1F /* AppDelegate.swift */ = {isa = PBXFileReference; lastKnownFileType = sourcecode.swift; path = AppDelegate.swift; sourceTree = "<group>"; };
		19774F0F297C3D9A00289C1F /* SceneDelegate.swift */ = {isa = PBXFileReference; lastKnownFileType = sourcecode.swift; path = SceneDelegate.swift; sourceTree = "<group>"; };
		19774F11297C3D9A00289C1F /* ViewController.swift */ = {isa = PBXFileReference; lastKnownFileType = sourcecode.swift; path = ViewController.swift; sourceTree = "<group>"; };
		19774F14297C3D9A00289C1F /* Base */ = {isa = PBXFileReference; lastKnownFileType = file.storyboard; name = Base; path = Base.lproj/Main.storyboard; sourceTree = "<group>"; };
		19774F16297C3D9C00289C1F /* Assets.xcassets */ = {isa = PBXFileReference; lastKnownFileType = folder.assetcatalog; path = Assets.xcassets; sourceTree = "<group>"; };
		19774F19297C3D9C00289C1F /* Base */ = {isa = PBXFileReference; lastKnownFileType = file.storyboard; name = Base; path = Base.lproj/LaunchScreen.storyboard; sourceTree = "<group>"; };
		19774F1B297C3D9C00289C1F /* Info.plist */ = {isa = PBXFileReference; lastKnownFileType = text.plist.xml; path = Info.plist; sourceTree = "<group>"; };
		19774F20297C3D9C00289C1F /* combine+paginationTests.xctest */ = {isa = PBXFileReference; explicitFileType = wrapper.cfbundle; includeInIndex = 0; path = "combine+paginationTests.xctest"; sourceTree = BUILT_PRODUCTS_DIR; };
		19774F24297C3D9C00289C1F /* combine_paginationTests.swift */ = {isa = PBXFileReference; lastKnownFileType = sourcecode.swift; path = combine_paginationTests.swift; sourceTree = "<group>"; };
		19774F2A297C3D9C00289C1F /* combine+paginationUITests.xctest */ = {isa = PBXFileReference; explicitFileType = wrapper.cfbundle; includeInIndex = 0; path = "combine+paginationUITests.xctest"; sourceTree = BUILT_PRODUCTS_DIR; };
		19774F2E297C3D9C00289C1F /* combine_paginationUITests.swift */ = {isa = PBXFileReference; lastKnownFileType = sourcecode.swift; path = combine_paginationUITests.swift; sourceTree = "<group>"; };
		19774F30297C3D9C00289C1F /* combine_paginationUITestsLaunchTests.swift */ = {isa = PBXFileReference; lastKnownFileType = sourcecode.swift; path = combine_paginationUITestsLaunchTests.swift; sourceTree = "<group>"; };
/* End PBXFileReference section */

/* Begin PBXFrameworksBuildPhase section */
		19774F07297C3D9A00289C1F /* Frameworks */ = {
			isa = PBXFrameworksBuildPhase;
			buildActionMask = 2147483647;
			files = (
			);
			runOnlyForDeploymentPostprocessing = 0;
		};
		19774F1D297C3D9C00289C1F /* Frameworks */ = {
			isa = PBXFrameworksBuildPhase;
			buildActionMask = 2147483647;
			files = (
			);
			runOnlyForDeploymentPostprocessing = 0;
		};
		19774F27297C3D9C00289C1F /* Frameworks */ = {
			isa = PBXFrameworksBuildPhase;
			buildActionMask = 2147483647;
			files = (
			);
			runOnlyForDeploymentPostprocessing = 0;
		};
/* End PBXFrameworksBuildPhase section */

/* Begin PBXGroup section */
		19774F01297C3D9A00289C1F = {
			isa = PBXGroup;
			children = (
				19774F0C297C3D9A00289C1F /* combine+pagination */,
				19774F23297C3D9C00289C1F /* combine+paginationTests */,
				19774F2D297C3D9C00289C1F /* combine+paginationUITests */,
				19774F0B297C3D9A00289C1F /* Products */,
			);
			sourceTree = "<group>";
		};
		19774F0B297C3D9A00289C1F /* Products */ = {
			isa = PBXGroup;
			children = (
				19774F0A297C3D9A00289C1F /* combine+pagination.app */,
				19774F20297C3D9C00289C1F /* combine+paginationTests.xctest */,
				19774F2A297C3D9C00289C1F /* combine+paginationUITests.xctest */,
			);
			name = Products;
			sourceTree = "<group>";
		};
		19774F0C297C3D9A00289C1F /* combine+pagination */ = {
			isa = PBXGroup;
			children = (
				19774F0D297C3D9A00289C1F /* AppDelegate.swift */,
				19774F0F297C3D9A00289C1F /* SceneDelegate.swift */,
				19774F11297C3D9A00289C1F /* ViewController.swift */,
				19774F13297C3D9A00289C1F /* Main.storyboard */,
				19774F16297C3D9C00289C1F /* Assets.xcassets */,
				19774F18297C3D9C00289C1F /* LaunchScreen.storyboard */,
				19774F1B297C3D9C00289C1F /* Info.plist */,
			);
			path = "combine+pagination";
			sourceTree = "<group>";
		};
		19774F23297C3D9C00289C1F /* combine+paginationTests */ = {
			isa = PBXGroup;
			children = (
				19774F24297C3D9C00289C1F /* combine_paginationTests.swift */,
			);
			path = "combine+paginationTests";
			sourceTree = "<group>";
		};
		19774F2D297C3D9C00289C1F /* combine+paginationUITests */ = {
			isa = PBXGroup;
			children = (
				19774F2E297C3D9C00289C1F /* combine_paginationUITests.swift */,
				19774F30297C3D9C00289C1F /* combine_paginationUITestsLaunchTests.swift */,
			);
			path = "combine+paginationUITests";
			sourceTree = "<group>";
		};
/* End PBXGroup section */

/* Begin PBXNativeTarget section */
		19774F09297C3D9A00289C1F /* combine+pagination */ = {
			isa = PBXNativeTarget;
			buildConfigurationList = 19774F34297C3D9C00289C1F /* Build configuration list for PBXNativeTarget "combine+pagination" */;
			buildPhases = (
				19774F06297C3D9A00289C1F /* Sources */,
				19774F07297C3D9A00289C1F /* Frameworks */,
				19774F08297C3D9A00289C1F /* Resources */,
			);
			buildRules = (
			);
			dependencies = (
			);
			name = "combine+pagination";
			productName = "combine+pagination";
			productReference = 19774F0A297C3D9A00289C1F /* combine+pagination.app */;
			productType = "com.apple.product-type.application";
		};
		19774F1F297C3D9C00289C1F /* combine+paginationTests */ = {
			isa = PBXNativeTarget;
			buildConfigurationList = 19774F37297C3D9C00289C1F /* Build configuration list for PBXNativeTarget "combine+paginationTests" */;
			buildPhases = (
				19774F1C297C3D9C00289C1F /* Sources */,
				19774F1D297C3D9C00289C1F /* Frameworks */,
				19774F1E297C3D9C00289C1F /* Resources */,
			);
			buildRules = (
			);
			dependencies = (
				19774F22297C3D9C00289C1F /* PBXTargetDependency */,
			);
			name = "combine+paginationTests";
			productName = "combine+paginationTests";
			productReference = 19774F20297C3D9C00289C1F /* combine+paginationTests.xctest */;
			productType = "com.apple.product-type.bundle.unit-test";
		};
		19774F29297C3D9C00289C1F /* combine+paginationUITests */ = {
			isa = PBXNativeTarget;
			buildConfigurationList = 19774F3A297C3D9C00289C1F /* Build configuration list for PBXNativeTarget "combine+paginationUITests" */;
			buildPhases = (
				19774F26297C3D9C00289C1F /* Sources */,
				19774F27297C3D9C00289C1F /* Frameworks */,
				19774F28297C3D9C00289C1F /* Resources */,
			);
			buildRules = (
			);
			dependencies = (
				19774F2C297C3D9C00289C1F /* PBXTargetDependency */,
			);
			name = "combine+paginationUITests";
			productName = "combine+paginationUITests";
			productReference = 19774F2A297C3D9C00289C1F /* combine+paginationUITests.xctest */;
			productType = "com.apple.product-type.bundle.ui-testing";
		};
/* End PBXNativeTarget section */

/* Begin PBXProject section */
		19774F02297C3D9A00289C1F /* Project object */ = {
			isa = PBXProject;
			attributes = {
				BuildIndependentTargetsInParallel = 1;
				LastSwiftUpdateCheck = 1420;
				LastUpgradeCheck = 1420;
				TargetAttributes = {
					19774F09297C3D9A00289C1F = {
						CreatedOnToolsVersion = 14.2;
					};
					19774F1F297C3D9C00289C1F = {
						CreatedOnToolsVersion = 14.2;
						TestTargetID = 19774F09297C3D9A00289C1F;
					};
					19774F29297C3D9C00289C1F = {
						CreatedOnToolsVersion = 14.2;
						TestTargetID = 19774F09297C3D9A00289C1F;
					};
				};
			};
			buildConfigurationList = 19774F05297C3D9A00289C1F /* Build configuration list for PBXProject "combine+pagination" */;
			compatibilityVersion = "Xcode 14.0";
			developmentRegion = en;
			hasScannedForEncodings = 0;
			knownRegions = (
				en,
				Base,
			);
			mainGroup = 19774F01297C3D9A00289C1F;
			productRefGroup = 19774F0B297C3D9A00289C1F /* Products */;
			projectDirPath = "";
			projectRoot = "";
			targets = (
				19774F09297C3D9A00289C1F /* combine+pagination */,
				19774F1F297C3D9C00289C1F /* combine+paginationTests */,
				19774F29297C3D9C00289C1F /* combine+paginationUITests */,
			);
		};
/* End PBXProject section */

/* Begin PBXResourcesBuildPhase section */
		19774F08297C3D9A00289C1F /* Resources */ = {
			isa = PBXResourcesBuildPhase;
			buildActionMask = 2147483647;
			files = (
				19774F1A297C3D9C00289C1F /* LaunchScreen.storyboard in Resources */,
				19774F17297C3D9C00289C1F /* Assets.xcassets in Resources */,
				19774F15297C3D9A00289C1F /* Main.storyboard in Resources */,
			);
			runOnlyForDeploymentPostprocessing = 0;
		};
		19774F1E297C3D9C00289C1F /* Resources */ = {
			isa = PBXResourcesBuildPhase;
			buildActionMask = 2147483647;
			files = (
			);
			runOnlyForDeploymentPostprocessing = 0;
		};
		19774F28297C3D9C00289C1F /* Resources */ = {
			isa = PBXResourcesBuildPhase;
			buildActionMask = 2147483647;
			files = (
			);
			runOnlyForDeploymentPostprocessing = 0;
		};
/* End PBXResourcesBuildPhase section */

/* Begin PBXSourcesBuildPhase section */
		19774F06297C3D9A00289C1F /* Sources */ = {
			isa = PBXSourcesBuildPhase;
			buildActionMask = 2147483647;
			files = (
				19774F12297C3D9A00289C1F /* ViewController.swift in Sources */,
				19774F0E297C3D9A00289C1F /* AppDelegate.swift in Sources */,
				19774F10297C3D9A00289C1F /* SceneDelegate.swift in Sources */,
			);
			runOnlyForDeploymentPostprocessing = 0;
		};
		19774F1C297C3D9C00289C1F /* Sources */ = {
			isa = PBXSourcesBuildPhase;
			buildActionMask = 2147483647;
			files = (
				19774F25297C3D9C00289C1F /* combine_paginationTests.swift in Sources */,
			);
			runOnlyForDeploymentPostprocessing = 0;
		};
		19774F26297C3D9C00289C1F /* Sources */ = {
			isa = PBXSourcesBuildPhase;
			buildActionMask = 2147483647;
			files = (
				19774F31297C3D9C00289C1F /* combine_paginationUITestsLaunchTests.swift in Sources */,
				19774F2F297C3D9C00289C1F /* combine_paginationUITests.swift in Sources */,
			);
			runOnlyForDeploymentPostprocessing = 0;
		};
/* End PBXSourcesBuildPhase section */

/* Begin PBXTargetDependency section */
		19774F22297C3D9C00289C1F /* PBXTargetDependency */ = {
			isa = PBXTargetDependency;
			target = 19774F09297C3D9A00289C1F /* combine+pagination */;
			targetProxy = 19774F21297C3D9C00289C1F /* PBXContainerItemProxy */;
		};
		19774F2C297C3D9C00289C1F /* PBXTargetDependency */ = {
			isa = PBXTargetDependency;
			target = 19774F09297C3D9A00289C1F /* combine+pagination */;
			targetProxy = 19774F2B297C3D9C00289C1F /* PBXContainerItemProxy */;
		};
/* End PBXTargetDependency section */

/* Begin PBXVariantGroup section */
		19774F13297C3D9A00289C1F /* Main.storyboard */ = {
			isa = PBXVariantGroup;
			children = (
				19774F14297C3D9A00289C1F /* Base */,
			);
			name = Main.storyboard;
			sourceTree = "<group>";
		};
		19774F18297C3D9C00289C1F /* LaunchScreen.storyboard */ = {
			isa = PBXVariantGroup;
			children = (
				19774F19297C3D9C00289C1F /* Base */,
			);
			name = LaunchScreen.storyboard;
			sourceTree = "<group>";
		};
/* End PBXVariantGroup section */

/* Begin XCBuildConfiguration section */
		19774F32297C3D9C00289C1F /* Debug */ = {
			isa = XCBuildConfiguration;
			buildSettings = {
				ALWAYS_SEARCH_USER_PATHS = NO;
				CLANG_ANALYZER_NONNULL = YES;
				CLANG_ANALYZER_NUMBER_OBJECT_CONVERSION = YES_AGGRESSIVE;
				CLANG_CXX_LANGUAGE_STANDARD = "gnu++20";
				CLANG_ENABLE_MODULES = YES;
				CLANG_ENABLE_OBJC_ARC = YES;
				CLANG_ENABLE_OBJC_WEAK = YES;
				CLANG_WARN_BLOCK_CAPTURE_AUTORELEASING = YES;
				CLANG_WARN_BOOL_CONVERSION = YES;
				CLANG_WARN_COMMA = YES;
				CLANG_WARN_CONSTANT_CONVERSION = YES;
				CLANG_WARN_DEPRECATED_OBJC_IMPLEMENTATIONS = YES;
				CLANG_WARN_DIRECT_OBJC_ISA_USAGE = YES_ERROR;
				CLANG_WARN_DOCUMENTATION_COMMENTS = YES;
				CLANG_WARN_EMPTY_BODY = YES;
				CLANG_WARN_ENUM_CONVERSION = YES;
				CLANG_WARN_INFINITE_RECURSION = YES;
				CLANG_WARN_INT_CONVERSION = YES;
				CLANG_WARN_NON_LITERAL_NULL_CONVERSION = YES;
				CLANG_WARN_OBJC_IMPLICIT_RETAIN_SELF = YES;
				CLANG_WARN_OBJC_LITERAL_CONVERSION = YES;
				CLANG_WARN_OBJC_ROOT_CLASS = YES_ERROR;
				CLANG_WARN_QUOTED_INCLUDE_IN_FRAMEWORK_HEADER = YES;
				CLANG_WARN_RANGE_LOOP_ANALYSIS = YES;
				CLANG_WARN_STRICT_PROTOTYPES = YES;
				CLANG_WARN_SUSPICIOUS_MOVE = YES;
				CLANG_WARN_UNGUARDED_AVAILABILITY = YES_AGGRESSIVE;
				CLANG_WARN_UNREACHABLE_CODE = YES;
				CLANG_WARN__DUPLICATE_METHOD_MATCH = YES;
				COPY_PHASE_STRIP = NO;
				DEBUG_INFORMATION_FORMAT = dwarf;
				ENABLE_STRICT_OBJC_MSGSEND = YES;
				ENABLE_TESTABILITY = YES;
				GCC_C_LANGUAGE_STANDARD = gnu11;
				GCC_DYNAMIC_NO_PIC = NO;
				GCC_NO_COMMON_BLOCKS = YES;
				GCC_OPTIMIZATION_LEVEL = 0;
				GCC_PREPROCESSOR_DEFINITIONS = (
					"DEBUG=1",
					"$(inherited)",
				);
				GCC_WARN_64_TO_32_BIT_CONVERSION = YES;
				GCC_WARN_ABOUT_RETURN_TYPE = YES_ERROR;
				GCC_WARN_UNDECLARED_SELECTOR = YES;
				GCC_WARN_UNINITIALIZED_AUTOS = YES_AGGRESSIVE;
				GCC_WARN_UNUSED_FUNCTION = YES;
				GCC_WARN_UNUSED_VARIABLE = YES;
				IPHONEOS_DEPLOYMENT_TARGET = 16.2;
				MTL_ENABLE_DEBUG_INFO = INCLUDE_SOURCE;
				MTL_FAST_MATH = YES;
				ONLY_ACTIVE_ARCH = YES;
				SDKROOT = iphoneos;
				SWIFT_ACTIVE_COMPILATION_CONDITIONS = DEBUG;
				SWIFT_OPTIMIZATION_LEVEL = "-Onone";
			};
			name = Debug;
		};
		19774F33297C3D9C00289C1F /* Release */ = {
			isa = XCBuildConfiguration;
			buildSettings = {
				ALWAYS_SEARCH_USER_PATHS = NO;
				CLANG_ANALYZER_NONNULL = YES;
				CLANG_ANALYZER_NUMBER_OBJECT_CONVERSION = YES_AGGRESSIVE;
				CLANG_CXX_LANGUAGE_STANDARD = "gnu++20";
				CLANG_ENABLE_MODULES = YES;
				CLANG_ENABLE_OBJC_ARC = YES;
				CLANG_ENABLE_OBJC_WEAK = YES;
				CLANG_WARN_BLOCK_CAPTURE_AUTORELEASING = YES;
				CLANG_WARN_BOOL_CONVERSION = YES;
				CLANG_WARN_COMMA = YES;
				CLANG_WARN_CONSTANT_CONVERSION = YES;
				CLANG_WARN_DEPRECATED_OBJC_IMPLEMENTATIONS = YES;
				CLANG_WARN_DIRECT_OBJC_ISA_USAGE = YES_ERROR;
				CLANG_WARN_DOCUMENTATION_COMMENTS = YES;
				CLANG_WARN_EMPTY_BODY = YES;
				CLANG_WARN_ENUM_CONVERSION = YES;
				CLANG_WARN_INFINITE_RECURSION = YES;
				CLANG_WARN_INT_CONVERSION = YES;
				CLANG_WARN_NON_LITERAL_NULL_CONVERSION = YES;
				CLANG_WARN_OBJC_IMPLICIT_RETAIN_SELF = YES;
				CLANG_WARN_OBJC_LITERAL_CONVERSION = YES;
				CLANG_WARN_OBJC_ROOT_CLASS = YES_ERROR;
				CLANG_WARN_QUOTED_INCLUDE_IN_FRAMEWORK_HEADER = YES;
				CLANG_WARN_RANGE_LOOP_ANALYSIS = YES;
				CLANG_WARN_STRICT_PROTOTYPES = YES;
				CLANG_WARN_SUSPICIOUS_MOVE = YES;
				CLANG_WARN_UNGUARDED_AVAILABILITY = YES_AGGRESSIVE;
				CLANG_WARN_UNREACHABLE_CODE = YES;
				CLANG_WARN__DUPLICATE_METHOD_MATCH = YES;
				COPY_PHASE_STRIP = NO;
				DEBUG_INFORMATION_FORMAT = "dwarf-with-dsym";
				ENABLE_NS_ASSERTIONS = NO;
				ENABLE_STRICT_OBJC_MSGSEND = YES;
				GCC_C_LANGUAGE_STANDARD = gnu11;
				GCC_NO_COMMON_BLOCKS = YES;
				GCC_WARN_64_TO_32_BIT_CONVERSION = YES;
				GCC_WARN_ABOUT_RETURN_TYPE = YES_ERROR;
				GCC_WARN_UNDECLARED_SELECTOR = YES;
				GCC_WARN_UNINITIALIZED_AUTOS = YES_AGGRESSIVE;
				GCC_WARN_UNUSED_FUNCTION = YES;
				GCC_WARN_UNUSED_VARIABLE = YES;
				IPHONEOS_DEPLOYMENT_TARGET = 16.2;
				MTL_ENABLE_DEBUG_INFO = NO;
				MTL_FAST_MATH = YES;
				SDKROOT = iphoneos;
				SWIFT_COMPILATION_MODE = wholemodule;
				SWIFT_OPTIMIZATION_LEVEL = "-O";
				VALIDATE_PRODUCT = YES;
			};
			name = Release;
		};
		19774F35297C3D9C00289C1F /* Debug */ = {
			isa = XCBuildConfiguration;
			buildSettings = {
				ASSETCATALOG_COMPILER_APPICON_NAME = AppIcon;
				ASSETCATALOG_COMPILER_GLOBAL_ACCENT_COLOR_NAME = AccentColor;
				CODE_SIGN_STYLE = Automatic;
				CURRENT_PROJECT_VERSION = 1;
				DEVELOPMENT_TEAM = DTJLZH295U;
				GENERATE_INFOPLIST_FILE = YES;
				INFOPLIST_FILE = "combine+pagination/Info.plist";
				INFOPLIST_KEY_UIApplicationSupportsIndirectInputEvents = YES;
				INFOPLIST_KEY_UILaunchStoryboardName = LaunchScreen;
				INFOPLIST_KEY_UIMainStoryboardFile = Main;
				INFOPLIST_KEY_UISupportedInterfaceOrientations_iPad = "UIInterfaceOrientationPortrait UIInterfaceOrientationPortraitUpsideDown UIInterfaceOrientationLandscapeLeft UIInterfaceOrientationLandscapeRight";
				INFOPLIST_KEY_UISupportedInterfaceOrientations_iPhone = "UIInterfaceOrientationPortrait UIInterfaceOrientationLandscapeLeft UIInterfaceOrientationLandscapeRight";
				LD_RUNPATH_SEARCH_PATHS = (
					"$(inherited)",
					"@executable_path/Frameworks",
				);
				MARKETING_VERSION = 1.0;
				PRODUCT_BUNDLE_IDENTIFIER = "com.alejandroDeJesus.combine-pagination";
				PRODUCT_NAME = "$(TARGET_NAME)";
				SWIFT_EMIT_LOC_STRINGS = YES;
				SWIFT_VERSION = 5.0;
				TARGETED_DEVICE_FAMILY = "1,2";
			};
			name = Debug;
		};
		19774F36297C3D9C00289C1F /* Release */ = {
			isa = XCBuildConfiguration;
			buildSettings = {
				ASSETCATALOG_COMPILER_APPICON_NAME = AppIcon;
				ASSETCATALOG_COMPILER_GLOBAL_ACCENT_COLOR_NAME = AccentColor;
				CODE_SIGN_STYLE = Automatic;
				CURRENT_PROJECT_VERSION = 1;
				DEVELOPMENT_TEAM = DTJLZH295U;
				GENERATE_INFOPLIST_FILE = YES;
				INFOPLIST_FILE = "combine+pagination/Info.plist";
				INFOPLIST_KEY_UIApplicationSupportsIndirectInputEvents = YES;
				INFOPLIST_KEY_UILaunchStoryboardName = LaunchScreen;
				INFOPLIST_KEY_UIMainStoryboardFile = Main;
				INFOPLIST_KEY_UISupportedInterfaceOrientations_iPad = "UIInterfaceOrientationPortrait UIInterfaceOrientationPortraitUpsideDown UIInterfaceOrientationLandscapeLeft UIInterfaceOrientationLandscapeRight";
				INFOPLIST_KEY_UISupportedInterfaceOrientations_iPhone = "UIInterfaceOrientationPortrait UIInterfaceOrientationLandscapeLeft UIInterfaceOrientationLandscapeRight";
				LD_RUNPATH_SEARCH_PATHS = (
					"$(inherited)",
					"@executable_path/Frameworks",
				);
				MARKETING_VERSION = 1.0;
				PRODUCT_BUNDLE_IDENTIFIER = "com.alejandroDeJesus.combine-pagination";
				PRODUCT_NAME = "$(TARGET_NAME)";
				SWIFT_EMIT_LOC_STRINGS = YES;
				SWIFT_VERSION = 5.0;
				TARGETED_DEVICE_FAMILY = "1,2";
			};
			name = Release;
		};
		19774F38297C3D9C00289C1F /* Debug */ = {
			isa = XCBuildConfiguration;
			buildSettings = {
				ALWAYS_EMBED_SWIFT_STANDARD_LIBRARIES = YES;
				BUNDLE_LOADER = "$(TEST_HOST)";
				CODE_SIGN_STYLE = Automatic;
				CURRENT_PROJECT_VERSION = 1;
				DEVELOPMENT_TEAM = DTJLZH295U;
				GENERATE_INFOPLIST_FILE = YES;
				IPHONEOS_DEPLOYMENT_TARGET = 16.2;
				MARKETING_VERSION = 1.0;
				PRODUCT_BUNDLE_IDENTIFIER = "com.alejandroDeJesus.combine-paginationTests";
				PRODUCT_NAME = "$(TARGET_NAME)";
				SWIFT_EMIT_LOC_STRINGS = NO;
				SWIFT_VERSION = 5.0;
				TARGETED_DEVICE_FAMILY = "1,2";
				TEST_HOST = "$(BUILT_PRODUCTS_DIR)/combine+pagination.app/$(BUNDLE_EXECUTABLE_FOLDER_PATH)/combine+pagination";
			};
			name = Debug;
		};
		19774F39297C3D9C00289C1F /* Release */ = {
			isa = XCBuildConfiguration;
			buildSettings = {
				ALWAYS_EMBED_SWIFT_STANDARD_LIBRARIES = YES;
				BUNDLE_LOADER = "$(TEST_HOST)";
				CODE_SIGN_STYLE = Automatic;
				CURRENT_PROJECT_VERSION = 1;
				DEVELOPMENT_TEAM = DTJLZH295U;
				GENERATE_INFOPLIST_FILE = YES;
				IPHONEOS_DEPLOYMENT_TARGET = 16.2;
				MARKETING_VERSION = 1.0;
				PRODUCT_BUNDLE_IDENTIFIER = "com.alejandroDeJesus.combine-paginationTests";
				PRODUCT_NAME = "$(TARGET_NAME)";
				SWIFT_EMIT_LOC_STRINGS = NO;
				SWIFT_VERSION = 5.0;
				TARGETED_DEVICE_FAMILY = "1,2";
				TEST_HOST = "$(BUILT_PRODUCTS_DIR)/combine+pagination.app/$(BUNDLE_EXECUTABLE_FOLDER_PATH)/combine+pagination";
			};
			name = Release;
		};
		19774F3B297C3D9C00289C1F /* Debug */ = {
			isa = XCBuildConfiguration;
			buildSettings = {
				ALWAYS_EMBED_SWIFT_STANDARD_LIBRARIES = YES;
				CODE_SIGN_STYLE = Automatic;
				CURRENT_PROJECT_VERSION = 1;
				DEVELOPMENT_TEAM = DTJLZH295U;
				GENERATE_INFOPLIST_FILE = YES;
				MARKETING_VERSION = 1.0;
				PRODUCT_BUNDLE_IDENTIFIER = "com.alejandroDeJesus.combine-paginationUITests";
				PRODUCT_NAME = "$(TARGET_NAME)";
				SWIFT_EMIT_LOC_STRINGS = NO;
				SWIFT_VERSION = 5.0;
				TARGETED_DEVICE_FAMILY = "1,2";
				TEST_TARGET_NAME = "combine+pagination";
			};
			name = Debug;
		};
		19774F3C297C3D9C00289C1F /* Release */ = {
			isa = XCBuildConfiguration;
			buildSettings = {
				ALWAYS_EMBED_SWIFT_STANDARD_LIBRARIES = YES;
				CODE_SIGN_STYLE = Automatic;
				CURRENT_PROJECT_VERSION = 1;
				DEVELOPMENT_TEAM = DTJLZH295U;
				GENERATE_INFOPLIST_FILE = YES;
				MARKETING_VERSION = 1.0;
				PRODUCT_BUNDLE_IDENTIFIER = "com.alejandroDeJesus.combine-paginationUITests";
				PRODUCT_NAME = "$(TARGET_NAME)";
				SWIFT_EMIT_LOC_STRINGS = NO;
				SWIFT_VERSION = 5.0;
				TARGETED_DEVICE_FAMILY = "1,2";
				TEST_TARGET_NAME = "combine+pagination";
			};
			name = Release;
		};
/* End XCBuildConfiguration section */

/* Begin XCConfigurationList section */
		19774F05297C3D9A00289C1F /* Build configuration list for PBXProject "combine+pagination" */ = {
			isa = XCConfigurationList;
			buildConfigurations = (
				19774F32297C3D9C00289C1F /* Debug */,
				19774F33297C3D9C00289C1F /* Release */,
			);
			defaultConfigurationIsVisible = 0;
			defaultConfigurationName = Release;
		};
		19774F34297C3D9C00289C1F /* Build configuration list for PBXNativeTarget "combine+pagination" */ = {
			isa = XCConfigurationList;
			buildConfigurations = (
				19774F35297C3D9C00289C1F /* Debug */,
				19774F36297C3D9C00289C1F /* Release */,
			);
			defaultConfigurationIsVisible = 0;
			defaultConfigurationName = Release;
		};
		19774F37297C3D9C00289C1F /* Build configuration list for PBXNativeTarget "combine+paginationTests" */ = {
			isa = XCConfigurationList;
			buildConfigurations = (
				19774F38297C3D9C00289C1F /* Debug */,
				19774F39297C3D9C00289C1F /* Release */,
			);
			defaultConfigurationIsVisible = 0;
			defaultConfigurationName = Release;
		};
		19774F3A297C3D9C00289C1F /* Build configuration list for PBXNativeTarget "combine+paginationUITests" */ = {
			isa = XCConfigurationList;
			buildConfigurations = (
				19774F3B297C3D9C00289C1F /* Debug */,
				19774F3C297C3D9C00289C1F /* Release */,
			);
			defaultConfigurationIsVisible = 0;
			defaultConfigurationName = Release;
		};
/* End XCConfigurationList section */
	};
	rootObject = 19774F02297C3D9A00289C1F /* Project object */;
}
